
Microsoft Visual Studio Solution File, Format Version 12.00
# Visual Studio Version 17
VisualStudioVersion = 17.13.35806.99 d17.13
MinimumVisualStudioVersion = 10.0.40219.1
Project("{FAE04EC0-301F-11D3-BF4B-00C04F79EFBC}") = "Lab_1", "Lab_1\Lab_1.csproj", "{BCA11842-951E-432E-80D9-D685AB44F792}"
EndProject
Project("{F184B08F-C81C-45F6-A57F-5ABD9991F28F}") = "PointLib", "..\Points\PointLib\PointLib.vbproj", "{28BF9C27-CF15-4B74-80D7-CBE23676A988}"
EndProject
Global
	GlobalSection(SolutionConfigurationPlatforms) = preSolution
		Debug|Any CPU = Debug|Any CPU
		Release|Any CPU = Release|Any CPU
	EndGlobalSection
	GlobalSection(ProjectConfigurationPlatforms) = postSolution
		{BCA11842-951E-432E-80D9-D685AB44F792}.Debug|Any CPU.ActiveCfg = Debug|Any CPU
		{BCA11842-951E-432E-80D9-D685AB44F792}.Debug|Any CPU.Build.0 = Debug|Any CPU
		{BCA11842-951E-432E-80D9-D685AB44F792}.Release|Any CPU.ActiveCfg = Release|Any CPU
		{BCA11842-951E-432E-80D9-D685AB44F792}.Release|Any CPU.Build.0 = Release|Any CPU
		{28BF9C27-CF15-4B74-80D7-CBE23676A988}.Debug|Any CPU.ActiveCfg = Debug|Any CPU
		{28BF9C27-CF15-4B74-80D7-CBE23676A988}.Debug|Any CPU.Build.0 = Debug|Any CPU
		{28BF9C27-CF15-4B74-80D7-CBE23676A988}.Release|Any CPU.ActiveCfg = Release|Any CPU
		{28BF9C27-CF15-4B74-80D7-CBE23676A988}.Release|Any CPU.Build.0 = Release|Any CPU
	EndGlobalSection
	GlobalSection(SolutionProperties) = preSolution
		HideSolutionNode = FALSE
	EndGlobalSection
	GlobalSection(ExtensibilityGlobals) = postSolution
		SolutionGuid = {DF2F1779-0588-4721-BDEC-726181DEB04B}
	EndGlobalSection
EndGlobal
